<?xml version="1.0" encoding="utf-8"?>
<Project ToolsVersion="4.0" xmlns="http://schemas.microsoft.com/developer/msbuild/2003">
  <ItemGroup>
    <Filter Include="Source Files">
      <UniqueIdentifier>{4FC737F1-C7A5-4376-A066-2A32D752A2FF}</UniqueIdentifier>
      <Extensions>cpp;c;cc;cxx;def;odl;idl;hpj;bat;asm;asmx</Extensions>
    </Filter>
    <Filter Include="Header Files">
      <UniqueIdentifier>{93995380-89BD-4b04-88EB-625FBE52EBFB}</UniqueIdentifier>
      <Extensions>h;hpp;hxx;hm;inl;inc;xsd</Extensions>
    </Filter>
    <Filter Include="Resource Files">
      <UniqueIdentifier>{67DA6AB6-F800-4c08-8B7A-83BB121AAD01}</UniqueIdentifier>
      <Extensions>rc;ico;cur;bmp;dlg;rc2;rct;bin;rgs;gif;jpg;jpeg;jpe;resx;tiff;tif;png;wav</Extensions>
    </Filter>
    <Filter Include="Source Files\Steam">
      <UniqueIdentifier>{02425556-5985-42d2-a586-4015e73b0c3b}</UniqueIdentifier>
    </Filter>
    <Filter Include="Source Files\Base">
      <UniqueIdentifier>{d6dc31e3-df5a-4548-a346-c3d18c363b7c}</UniqueIdentifier>
    </Filter>
    <Filter Include="Header Files\Steam">
      <UniqueIdentifier>{614470f4-2c09-4ebd-b484-1d447b59c9cd}</UniqueIdentifier>
    </Filter>
    <Filter Include="Header Files\Base">
      <UniqueIdentifier>{bf84b951-ab36-49c2-8261-7cd08d24444c}</UniqueIdentifier>
    </Filter>
  </ItemGroup>
  <ItemGroup>
    <ClCompile Include="SteamAPI.cpp">
      <Filter>Source Files\Steam</Filter>
    </ClCompile>
    <ClCompile Include="SteamFriends005.cpp">
      <Filter>Source Files\Steam</Filter>
    </ClCompile>
    <ClCompile Include="SteamGameServer009.cpp">
      <Filter>Source Files\Steam</Filter>
    </ClCompile>
    <ClCompile Include="SteamMasterServerUpdater001.cpp">
      <Filter>Source Files\Steam</Filter>
    </ClCompile>
    <ClCompile Include="SteamMatchmaking007.cpp">
      <Filter>Source Files\Steam</Filter>
    </ClCompile>
    <ClCompile Include="SteamNetworking003.cpp">
      <Filter>Source Files\Steam</Filter>
    </ClCompile>
    <ClCompile Include="SteamRemoteStorage002.cpp">
      <Filter>Source Files\Steam</Filter>
    </ClCompile>
    <ClCompile Include="SteamUser012.cpp">
      <Filter>Source Files\Steam</Filter>
    </ClCompile>
    <ClCompile Include="SteamUtils005.cpp">
      <Filter>Source Files\Steam</Filter>
    </ClCompile>
    <ClCompile Include="PatchMW2Console.cpp">
      <Filter>Source Files\Base</Filter>
    </ClCompile>
    <ClCompile Include="MW2.cpp">
      <Filter>Source Files\Base</Filter>
    </ClCompile>
    <ClCompile Include="Main.cpp">
      <Filter>Source Files\Base</Filter>
    </ClCompile>
    <ClCompile Include="Hooking.cpp">
      <Filter>Source Files\Base</Filter>
    </ClCompile>
    <ClCompile Include="StdInc.cpp">
      <Filter>Source Files\Base</Filter>
    </ClCompile>
    <ClCompile Include="Utils.cpp">
      <Filter>Source Files\Base</Filter>
    </ClCompile>
    <ClCompile Include="IW4Bridge.cpp">
      <Filter>Source Files</Filter>
    </ClCompile>
    <ClCompile Include="ToolMain.cpp">
      <Filter>Source Files</Filter>
    </ClCompile>
    <ClCompile Include="Buffers.cpp">
      <Filter>Source Files</Filter>
    </ClCompile>
    <ClCompile Include="ZoneData.cpp">
      <Filter>Source Files</Filter>
    </ClCompile>
    <ClCompile Include="ZoneWriter.cpp">
      <Filter>Source Files</Filter>
    </ClCompile>
    <ClCompile Include="Util.cpp">
      <Filter>Source Files</Filter>
    </ClCompile>
    <ClCompile Include="XAnimData.cpp">
      <Filter>Source Files</Filter>
    </ClCompile>
    <ClCompile Include="RawfileData.cpp">
      <Filter>Source Files</Filter>
    </ClCompile>
    <ClCompile Include="XModelData.cpp">
      <Filter>Source Files</Filter>
    </ClCompile>
    <ClCompile Include="MaterialData.cpp">
      <Filter>Source Files</Filter>
    </ClCompile>
    <ClCompile Include="TechsetData.cpp">
      <Filter>Source Files</Filter>
    </ClCompile>
    <ClCompile Include="ColMapData.cpp">
      <Filter>Source Files</Filter>
    </ClCompile>
    <ClCompile Include="PatchMW2Load.cpp">
      <Filter>Source Files\Base</Filter>
    </ClCompile>
    <ClCompile Include="MapEntsData.cpp">
      <Filter>Source Files</Filter>
    </ClCompile>
    <ClCompile Include="ComWorldData.cpp">
      <Filter>Source Files</Filter>
    </ClCompile>
    <ClCompile Include="GameMapData.cpp">
      <Filter>Source Files</Filter>
    </ClCompile>
    <ClCompile Include="DumpStuff.cpp">
      <Filter>Source Files</Filter>
    </ClCompile>
    <ClCompile Include="GfxWorldData.cpp">
      <Filter>Source Files</Filter>
    </ClCompile>
    <ClCompile Include="StringTableData.cpp">
      <Filter>Source Files</Filter>
    </ClCompile>
    <ClCompile Include="SoundAliasData.cpp">
      <Filter>Source Files</Filter>
    </ClCompile>
    <ClCompile Include="CSVFile.cpp">
      <Filter>Source Files</Filter>
    </ClCompile>
    <ClCompile Include="PatchMW2StringList.cpp">
      <Filter>Source Files\Base</Filter>
    </ClCompile>
    <ClCompile Include="PatchMW2CModels.cpp">
      <Filter>Source Files\Base</Filter>
    </ClCompile>
    <ClCompile Include="PatchMW2CryptoFiles.cpp">
      <Filter>Source Files\Base</Filter>
    </ClCompile>
    <ClCompile Include="PatchMW2CryptoZone.cpp">
      <Filter>Source Files\Base</Filter>
    </ClCompile>
    <ClCompile Include="PatchMW2FifthInfinity.cpp">
      <Filter>Source Files\Base</Filter>
    </ClCompile>
    <ClCompile Include="PatchMW2FilePointers.cpp">
      <Filter>Source Files\Base</Filter>
    </ClCompile>
    <ClCompile Include="FxEffectDefData.cpp">
      <Filter>Source Files</Filter>
    </ClCompile>
    <ClCompile Include="PhysPresetData.cpp">
      <Filter>Source Files</Filter>
    </ClCompile>
    <ClCompile Include="PhysCollMapData.cpp">
      <Filter>Source Files</Filter>
    </ClCompile>
    <ClCompile Include="WriteMacros.h">
      <Filter>Header Files</Filter>
    </ClCompile>
    <ClCompile Include="ZStream.cpp">
      <Filter>Source Files</Filter>
    </ClCompile>
  </ItemGroup>
  <ItemGroup>
    <ClInclude Include="SteamFriends005.h">
      <Filter>Header Files\Steam</Filter>
    </ClInclude>
    <ClInclude Include="SteamGameServer009.h">
      <Filter>Header Files\Steam</Filter>
    </ClInclude>
    <ClInclude Include="SteamMasterServerUpdater001.h">
      <Filter>Header Files\Steam</Filter>
    </ClInclude>
    <ClInclude Include="SteamMatchmaking007.h">
      <Filter>Header Files\Steam</Filter>
    </ClInclude>
    <ClInclude Include="SteamNetworking003.h">
      <Filter>Header Files\Steam</Filter>
    </ClInclude>
    <ClInclude Include="SteamRemoteStorage002.h">
      <Filter>Header Files\Steam</Filter>
    </ClInclude>
    <ClInclude Include="SteamUser012.h">
      <Filter>Header Files\Steam</Filter>
    </ClInclude>
    <ClInclude Include="SteamUtils005.h">
      <Filter>Header Files\Steam</Filter>
    </ClInclude>
    <ClInclude Include="Hooking.h">
      <Filter>Header Files\Base</Filter>
    </ClInclude>
    <ClInclude Include="MW2.h">
      <Filter>Header Files\Base</Filter>
    </ClInclude>
    <ClInclude Include="s10e5.h">
      <Filter>Header Files\Base</Filter>
    </ClInclude>
    <ClInclude Include="Utils.h">
      <Filter>Header Files\Base</Filter>
    </ClInclude>
    <ClInclude Include="StdInc.h">
      <Filter>Header Files</Filter>
    </ClInclude>
    <ClInclude Include="Tool.h">
      <Filter>Header Files</Filter>
    </ClInclude>
    <ClInclude Include="Buffers.h">
      <Filter>Header Files</Filter>
    </ClInclude>
    <ClInclude Include="AssetStructs.h">
      <Filter>Header Files</Filter>
    </ClInclude>
    <ClInclude Include="WeaponDef.h">
      <Filter>Header Files</Filter>
    </ClInclude>
    <ClInclude Include="CSVFile.h">
      <Filter>Header Files</Filter>
    </ClInclude>
    <ClInclude Include="FxParsing.h">
      <Filter>Header Files</Filter>
    </ClInclude>
    <ClInclude Include="ZStream.h">
      <Filter>Header Files</Filter>
    </ClInclude>
  </ItemGroup>
</Project>